
Microsoft Visual Studio Solution File, Format Version 12.00
# Visual Studio Version 17
VisualStudioVersion = 17.4.33213.308
MinimumVisualStudioVersion = 10.0.40219.1
Project("{9A19103F-16F7-4668-BE54-9A1E7A4F7556}") = "SourceMaker", "SourceMaker\SourceMaker.csproj", "{60D1CABD-238C-4820-841F-97401B4CE33E}"
EndProject
Project("{888888A0-9F3D-457C-B088-3A5042F75D52}") = "PyFileEditor", "PyFileEditor\PyFileEditor.pyproj", "{32B8B6EF-FBA7-4033-AACE-B9422F5564F5}"
EndProject
Global
	GlobalSection(SolutionConfigurationPlatforms) = preSolution
		Debug|Any CPU = Debug|Any CPU
		Release|Any CPU = Release|Any CPU
	EndGlobalSection
	GlobalSection(ProjectConfigurationPlatforms) = postSolution
		{60D1CABD-238C-4820-841F-97401B4CE33E}.Debug|Any CPU.ActiveCfg = Debug|Any CPU
		{60D1CABD-238C-4820-841F-97401B4CE33E}.Debug|Any CPU.Build.0 = Debug|Any CPU
		{60D1CABD-238C-4820-841F-97401B4CE33E}.Release|Any CPU.ActiveCfg = Release|Any CPU
		{60D1CABD-238C-4820-841F-97401B4CE33E}.Release|Any CPU.Build.0 = Release|Any CPU
		{32B8B6EF-FBA7-4033-AACE-B9422F5564F5}.Debug|Any CPU.ActiveCfg = Debug|Any CPU
		{32B8B6EF-FBA7-4033-AACE-B9422F5564F5}.Release|Any CPU.ActiveCfg = Release|Any CPU
	EndGlobalSection
	GlobalSection(SolutionProperties) = preSolution
		HideSolutionNode = FALSE
	EndGlobalSection
	GlobalSection(ExtensibilityGlobals) = postSolution
		SolutionGuid = {7C38DA15-B075-44EF-82E1-32151747C285}
	EndGlobalSection
EndGlobal
